
Microsoft Visual Studio Solution File, Format Version 12.00
# Visual Studio Version 17
VisualStudioVersion = 17.4.33213.308
MinimumVisualStudioVersion = 10.0.40219.1
Project("{FAE04EC0-301F-11D3-BF4B-00C04F79EFBC}") = "Wpf_L11_1", "Wpf_L11_1.csproj", "{E6696759-634B-4343-B86C-8039529695B1}"
EndProject
Global
	GlobalSection(SolutionConfigurationPlatforms) = preSolution
		Debug|Any CPU = Debug|Any CPU
		Release|Any CPU = Release|Any CPU
	EndGlobalSection
	GlobalSection(ProjectConfigurationPlatforms) = postSolution
		{E6696759-634B-4343-B86C-8039529695B1}.Debug|Any CPU.ActiveCfg = Debug|Any CPU
		{E6696759-634B-4343-B86C-8039529695B1}.Debug|Any CPU.Build.0 = Debug|Any CPU
		{E6696759-634B-4343-B86C-8039529695B1}.Release|Any CPU.ActiveCfg = Release|Any CPU
		{E6696759-634B-4343-B86C-8039529695B1}.Release|Any CPU.Build.0 = Release|Any CPU
	EndGlobalSection
	GlobalSection(SolutionProperties) = preSolution
		HideSolutionNode = FALSE
	EndGlobalSection
	GlobalSection(ExtensibilityGlobals) = postSolution
		SolutionGuid = {0F27EB60-0583-47FE-B5C7-015CAEFBBC7F}
	EndGlobalSection
EndGlobal
