
Microsoft Visual Studio Solution File, Format Version 12.00
# Visual Studio Version 17
VisualStudioVersion = 17.4.33213.308
MinimumVisualStudioVersion = 10.0.40219.1
Project("{FAE04EC0-301F-11D3-BF4B-00C04F79EFBC}") = "Wpf_L12_2", "Wpf_L12_2.csproj", "{03BEBD90-C581-47EC-880C-C46F90B31E0D}"
EndProject
Global
	GlobalSection(SolutionConfigurationPlatforms) = preSolution
		Debug|Any CPU = Debug|Any CPU
		Release|Any CPU = Release|Any CPU
	EndGlobalSection
	GlobalSection(ProjectConfigurationPlatforms) = postSolution
		{03BEBD90-C581-47EC-880C-C46F90B31E0D}.Debug|Any CPU.ActiveCfg = Debug|Any CPU
		{03BEBD90-C581-47EC-880C-C46F90B31E0D}.Debug|Any CPU.Build.0 = Debug|Any CPU
		{03BEBD90-C581-47EC-880C-C46F90B31E0D}.Release|Any CPU.ActiveCfg = Release|Any CPU
		{03BEBD90-C581-47EC-880C-C46F90B31E0D}.Release|Any CPU.Build.0 = Release|Any CPU
	EndGlobalSection
	GlobalSection(SolutionProperties) = preSolution
		HideSolutionNode = FALSE
	EndGlobalSection
	GlobalSection(ExtensibilityGlobals) = postSolution
		SolutionGuid = {D29EA2D8-F45F-493F-97F8-F3F15F11F04F}
	EndGlobalSection
EndGlobal
