
Microsoft Visual Studio Solution File, Format Version 12.00
# Visual Studio Version 17
VisualStudioVersion = 17.4.33213.308
MinimumVisualStudioVersion = 10.0.40219.1
Project("{FAE04EC0-301F-11D3-BF4B-00C04F79EFBC}") = "Wpf_L8_2", "Wpf_L8_2.csproj", "{7E1ADFFC-E86B-4208-B495-189C2E60925A}"
EndProject
Global
	GlobalSection(SolutionConfigurationPlatforms) = preSolution
		Debug|Any CPU = Debug|Any CPU
		Release|Any CPU = Release|Any CPU
	EndGlobalSection
	GlobalSection(ProjectConfigurationPlatforms) = postSolution
		{7E1ADFFC-E86B-4208-B495-189C2E60925A}.Debug|Any CPU.ActiveCfg = Debug|Any CPU
		{7E1ADFFC-E86B-4208-B495-189C2E60925A}.Debug|Any CPU.Build.0 = Debug|Any CPU
		{7E1ADFFC-E86B-4208-B495-189C2E60925A}.Release|Any CPU.ActiveCfg = Release|Any CPU
		{7E1ADFFC-E86B-4208-B495-189C2E60925A}.Release|Any CPU.Build.0 = Release|Any CPU
	EndGlobalSection
	GlobalSection(SolutionProperties) = preSolution
		HideSolutionNode = FALSE
	EndGlobalSection
	GlobalSection(ExtensibilityGlobals) = postSolution
		SolutionGuid = {5D7AD08C-C39D-46BD-BD41-FECF24DDCF7F}
	EndGlobalSection
EndGlobal
