
Microsoft Visual Studio Solution File, Format Version 12.00
# Visual Studio Version 17
VisualStudioVersion = 17.4.33213.308
MinimumVisualStudioVersion = 10.0.40219.1
Project("{FAE04EC0-301F-11D3-BF4B-00C04F79EFBC}") = "Wpf_L5_1", "Wpf_L5_1.csproj", "{8B15F4C1-3A11-4BC9-A3E9-3B6CE9881DAA}"
EndProject
Global
	GlobalSection(SolutionConfigurationPlatforms) = preSolution
		Debug|Any CPU = Debug|Any CPU
		Release|Any CPU = Release|Any CPU
	EndGlobalSection
	GlobalSection(ProjectConfigurationPlatforms) = postSolution
		{8B15F4C1-3A11-4BC9-A3E9-3B6CE9881DAA}.Debug|Any CPU.ActiveCfg = Debug|Any CPU
		{8B15F4C1-3A11-4BC9-A3E9-3B6CE9881DAA}.Debug|Any CPU.Build.0 = Debug|Any CPU
		{8B15F4C1-3A11-4BC9-A3E9-3B6CE9881DAA}.Release|Any CPU.ActiveCfg = Release|Any CPU
		{8B15F4C1-3A11-4BC9-A3E9-3B6CE9881DAA}.Release|Any CPU.Build.0 = Release|Any CPU
	EndGlobalSection
	GlobalSection(SolutionProperties) = preSolution
		HideSolutionNode = FALSE
	EndGlobalSection
	GlobalSection(ExtensibilityGlobals) = postSolution
		SolutionGuid = {8F52794D-563F-4640-890B-9441A38728FD}
	EndGlobalSection
EndGlobal
