
Microsoft Visual Studio Solution File, Format Version 12.00
# Visual Studio Version 17
VisualStudioVersion = 17.4.33213.308
MinimumVisualStudioVersion = 10.0.40219.1
Project("{FAE04EC0-301F-11D3-BF4B-00C04F79EFBC}") = "Wpf_L3_3", "Wpf_L3_3.csproj", "{2BA7627B-9FDF-4F5F-BF31-C9130C19CDBB}"
EndProject
Global
	GlobalSection(SolutionConfigurationPlatforms) = preSolution
		Debug|Any CPU = Debug|Any CPU
		Release|Any CPU = Release|Any CPU
	EndGlobalSection
	GlobalSection(ProjectConfigurationPlatforms) = postSolution
		{2BA7627B-9FDF-4F5F-BF31-C9130C19CDBB}.Debug|Any CPU.ActiveCfg = Debug|Any CPU
		{2BA7627B-9FDF-4F5F-BF31-C9130C19CDBB}.Debug|Any CPU.Build.0 = Debug|Any CPU
		{2BA7627B-9FDF-4F5F-BF31-C9130C19CDBB}.Release|Any CPU.ActiveCfg = Release|Any CPU
		{2BA7627B-9FDF-4F5F-BF31-C9130C19CDBB}.Release|Any CPU.Build.0 = Release|Any CPU
	EndGlobalSection
	GlobalSection(SolutionProperties) = preSolution
		HideSolutionNode = FALSE
	EndGlobalSection
	GlobalSection(ExtensibilityGlobals) = postSolution
		SolutionGuid = {5DF12872-65D6-4A7B-BE9B-EEAE026677AD}
	EndGlobalSection
EndGlobal
