
Microsoft Visual Studio Solution File, Format Version 12.00
# Visual Studio Version 17
VisualStudioVersion = 17.4.33213.308
MinimumVisualStudioVersion = 10.0.40219.1
Project("{FAE04EC0-301F-11D3-BF4B-00C04F79EFBC}") = "CS_L13", "CS_L13.csproj", "{A10CBA8A-0496-4587-989B-84BB7B9867AA}"
EndProject
Global
	GlobalSection(SolutionConfigurationPlatforms) = preSolution
		Debug|Any CPU = Debug|Any CPU
		Release|Any CPU = Release|Any CPU
	EndGlobalSection
	GlobalSection(ProjectConfigurationPlatforms) = postSolution
		{A10CBA8A-0496-4587-989B-84BB7B9867AA}.Debug|Any CPU.ActiveCfg = Debug|Any CPU
		{A10CBA8A-0496-4587-989B-84BB7B9867AA}.Debug|Any CPU.Build.0 = Debug|Any CPU
		{A10CBA8A-0496-4587-989B-84BB7B9867AA}.Release|Any CPU.ActiveCfg = Release|Any CPU
		{A10CBA8A-0496-4587-989B-84BB7B9867AA}.Release|Any CPU.Build.0 = Release|Any CPU
	EndGlobalSection
	GlobalSection(SolutionProperties) = preSolution
		HideSolutionNode = FALSE
	EndGlobalSection
	GlobalSection(ExtensibilityGlobals) = postSolution
		SolutionGuid = {46B66D24-BBA9-4F7F-A646-508E74669C05}
	EndGlobalSection
EndGlobal
