
Microsoft Visual Studio Solution File, Format Version 12.00
# Visual Studio Version 17
VisualStudioVersion = 17.4.33213.308
MinimumVisualStudioVersion = 10.0.40219.1
Project("{FAE04EC0-301F-11D3-BF4B-00C04F79EFBC}") = "Wpf_L7", "Wpf_L7.csproj", "{E8DFA21A-5DFF-4EFA-AFC5-59109ECFF53C}"
EndProject
Global
	GlobalSection(SolutionConfigurationPlatforms) = preSolution
		Debug|Any CPU = Debug|Any CPU
		Release|Any CPU = Release|Any CPU
	EndGlobalSection
	GlobalSection(ProjectConfigurationPlatforms) = postSolution
		{E8DFA21A-5DFF-4EFA-AFC5-59109ECFF53C}.Debug|Any CPU.ActiveCfg = Debug|Any CPU
		{E8DFA21A-5DFF-4EFA-AFC5-59109ECFF53C}.Debug|Any CPU.Build.0 = Debug|Any CPU
		{E8DFA21A-5DFF-4EFA-AFC5-59109ECFF53C}.Release|Any CPU.ActiveCfg = Release|Any CPU
		{E8DFA21A-5DFF-4EFA-AFC5-59109ECFF53C}.Release|Any CPU.Build.0 = Release|Any CPU
	EndGlobalSection
	GlobalSection(SolutionProperties) = preSolution
		HideSolutionNode = FALSE
	EndGlobalSection
	GlobalSection(ExtensibilityGlobals) = postSolution
		SolutionGuid = {40A74FD5-ABE7-4182-B561-E1B87BA34B88}
	EndGlobalSection
EndGlobal
