
Microsoft Visual Studio Solution File, Format Version 12.00
# Visual Studio Version 17
VisualStudioVersion = 17.11.35327.3
MinimumVisualStudioVersion = 10.0.40219.1
Project("{FAE04EC0-301F-11D3-BF4B-00C04F79EFBC}") = "11-20 LinqToSQL", "11-20 LinqToSQL.csproj", "{0338611B-1AB5-459E-9531-F6B8D84C5C3B}"
EndProject
Global
	GlobalSection(SolutionConfigurationPlatforms) = preSolution
		Debug|Any CPU = Debug|Any CPU
		Release|Any CPU = Release|Any CPU
	EndGlobalSection
	GlobalSection(ProjectConfigurationPlatforms) = postSolution
		{0338611B-1AB5-459E-9531-F6B8D84C5C3B}.Debug|Any CPU.ActiveCfg = Debug|Any CPU
		{0338611B-1AB5-459E-9531-F6B8D84C5C3B}.Debug|Any CPU.Build.0 = Debug|Any CPU
		{0338611B-1AB5-459E-9531-F6B8D84C5C3B}.Release|Any CPU.ActiveCfg = Release|Any CPU
		{0338611B-1AB5-459E-9531-F6B8D84C5C3B}.Release|Any CPU.Build.0 = Release|Any CPU
	EndGlobalSection
	GlobalSection(SolutionProperties) = preSolution
		HideSolutionNode = FALSE
	EndGlobalSection
	GlobalSection(ExtensibilityGlobals) = postSolution
		SolutionGuid = {934144B1-9A39-4704-9C5E-64D4266026DA}
	EndGlobalSection
EndGlobal
